
Microsoft Visual Studio Solution File, Format Version 12.00
# Visual Studio Version 16
VisualStudioVersion = 16.0.35425.106
MinimumVisualStudioVersion = 10.0.40219.1
Project("{FAE04EC0-301F-11D3-BF4B-00C04F79EFBC}") = "segundoParcialAnalisisDeDatos", "segundoParcialAnalisisDeDatos.csproj", "{CAC83806-25F4-43E4-8658-9572DCC7A9D7}"
EndProject
Global
	GlobalSection(SolutionConfigurationPlatforms) = preSolution
		Debug|Any CPU = Debug|Any CPU
		Release|Any CPU = Release|Any CPU
	EndGlobalSection
	GlobalSection(ProjectConfigurationPlatforms) = postSolution
		{CAC83806-25F4-43E4-8658-9572DCC7A9D7}.Debug|Any CPU.ActiveCfg = Debug|Any CPU
		{CAC83806-25F4-43E4-8658-9572DCC7A9D7}.Debug|Any CPU.Build.0 = Debug|Any CPU
		{CAC83806-25F4-43E4-8658-9572DCC7A9D7}.Release|Any CPU.ActiveCfg = Release|Any CPU
		{CAC83806-25F4-43E4-8658-9572DCC7A9D7}.Release|Any CPU.Build.0 = Release|Any CPU
	EndGlobalSection
	GlobalSection(SolutionProperties) = preSolution
		HideSolutionNode = FALSE
	EndGlobalSection
	GlobalSection(ExtensibilityGlobals) = postSolution
		SolutionGuid = {042ACA49-F113-492F-A080-7CB9555A19A6}
	EndGlobalSection
EndGlobal
